
Microsoft Visual Studio Solution File, Format Version 12.00
# Visual Studio Version 16
VisualStudioVersion = 16.0.30114.105
MinimumVisualStudioVersion = 10.0.40219.1
Project("{FAE04EC0-301F-11D3-BF4B-00C04F79EFBC}") = "BlackJack", "BlackJack\BlackJack.csproj", "{D6D2AC4B-A870-4167-83E4-4AE7B8465C5D}"
EndProject
Global
	GlobalSection(SolutionConfigurationPlatforms) = preSolution
		Debug|Any CPU = Debug|Any CPU
		Release|Any CPU = Release|Any CPU
	EndGlobalSection
	GlobalSection(ProjectConfigurationPlatforms) = postSolution
		{D6D2AC4B-A870-4167-83E4-4AE7B8465C5D}.Debug|Any CPU.ActiveCfg = Debug|Any CPU
		{D6D2AC4B-A870-4167-83E4-4AE7B8465C5D}.Debug|Any CPU.Build.0 = Debug|Any CPU
		{D6D2AC4B-A870-4167-83E4-4AE7B8465C5D}.Release|Any CPU.ActiveCfg = Release|Any CPU
		{D6D2AC4B-A870-4167-83E4-4AE7B8465C5D}.Release|Any CPU.Build.0 = Release|Any CPU
	EndGlobalSection
	GlobalSection(SolutionProperties) = preSolution
		HideSolutionNode = FALSE
	EndGlobalSection
	GlobalSection(ExtensibilityGlobals) = postSolution
		SolutionGuid = {6AB7BBEC-7166-48C1-AA98-551B8C74F820}
	EndGlobalSection
EndGlobal
